
Microsoft Visual Studio Solution File, Format Version 12.00
# Visual Studio Version 17
VisualStudioVersion = 17.5.002.0
MinimumVisualStudioVersion = 10.0.40219.1
Project("{9A19103F-16F7-4668-BE54-9A1E7A4F7556}") = "InternshipTask.API", "..\InternshipTask.API\InternshipTask.API.csproj", "{9B8E76F0-AEFC-4248-BCE3-D45B69FE1B1B}"
EndProject
Project("{9A19103F-16F7-4668-BE54-9A1E7A4F7556}") = "InternshipTask.Domain", "..\InternshipTask.Domain\InternshipTask.Domain.csproj", "{09CE499C-03ED-424F-B1B8-82B1F5944D83}"
EndProject
Project("{9A19103F-16F7-4668-BE54-9A1E7A4F7556}") = "InternshipTask.Application", "..\InternshipTask.Application\InternshipTask.Application.csproj", "{4FAC27E8-22A3-4263-8D29-83A9C83802BB}"
EndProject
Project("{9A19103F-16F7-4668-BE54-9A1E7A4F7556}") = "InternshipTask.Identity", "..\InternshipTask.Identity\InternshipTask.Identity.csproj", "{11C3BAFF-7873-4BAA-A988-12A447FD5026}"
EndProject
Project("{9A19103F-16F7-4668-BE54-9A1E7A4F7556}") = "InternshipTask.Persistance", "..\InternshipTask.Persistance\InternshipTask.Persistance.csproj", "{081C6DE8-7A13-4BD7-889C-5CCD5D289644}"
EndProject
Project("{9A19103F-16F7-4668-BE54-9A1E7A4F7556}") = "InternshipTask.UnitTests", "..\InternshipTask.UnitTests\InternshipTask.UnitTests.csproj", "{AF0B4192-2381-4AD2-8197-498A97348C0F}"
EndProject
Project("{2150E333-8FDC-42A3-9474-1A3956D46DE8}") = "src", "src", "{C27169C7-7231-4F10-9A81-981D58FE96CE}"
EndProject
Project("{2150E333-8FDC-42A3-9474-1A3956D46DE8}") = "Core", "Core", "{4D96A7EC-CD1D-463F-A778-37B8166E917B}"
EndProject
Project("{2150E333-8FDC-42A3-9474-1A3956D46DE8}") = "Tests", "Tests", "{6727C606-A74D-4D21-A8FD-B8971AF91D2C}"
EndProject
Project("{2150E333-8FDC-42A3-9474-1A3956D46DE8}") = "API", "API", "{E9C2CDC6-BED1-4C0B-983D-44F8470BB9A3}"
EndProject
Project("{2150E333-8FDC-42A3-9474-1A3956D46DE8}") = "Infrastructure", "Infrastructure", "{935D7418-9D87-4973-9288-E9972434E7BF}"
EndProject
Global
	GlobalSection(SolutionConfigurationPlatforms) = preSolution
		Debug|Any CPU = Debug|Any CPU
		Release|Any CPU = Release|Any CPU
	EndGlobalSection
	GlobalSection(ProjectConfigurationPlatforms) = postSolution
		{9B8E76F0-AEFC-4248-BCE3-D45B69FE1B1B}.Debug|Any CPU.ActiveCfg = Debug|Any CPU
		{9B8E76F0-AEFC-4248-BCE3-D45B69FE1B1B}.Debug|Any CPU.Build.0 = Debug|Any CPU
		{9B8E76F0-AEFC-4248-BCE3-D45B69FE1B1B}.Release|Any CPU.ActiveCfg = Release|Any CPU
		{9B8E76F0-AEFC-4248-BCE3-D45B69FE1B1B}.Release|Any CPU.Build.0 = Release|Any CPU
		{09CE499C-03ED-424F-B1B8-82B1F5944D83}.Debug|Any CPU.ActiveCfg = Debug|Any CPU
		{09CE499C-03ED-424F-B1B8-82B1F5944D83}.Debug|Any CPU.Build.0 = Debug|Any CPU
		{09CE499C-03ED-424F-B1B8-82B1F5944D83}.Release|Any CPU.ActiveCfg = Release|Any CPU
		{09CE499C-03ED-424F-B1B8-82B1F5944D83}.Release|Any CPU.Build.0 = Release|Any CPU
		{4FAC27E8-22A3-4263-8D29-83A9C83802BB}.Debug|Any CPU.ActiveCfg = Debug|Any CPU
		{4FAC27E8-22A3-4263-8D29-83A9C83802BB}.Debug|Any CPU.Build.0 = Debug|Any CPU
		{4FAC27E8-22A3-4263-8D29-83A9C83802BB}.Release|Any CPU.ActiveCfg = Release|Any CPU
		{4FAC27E8-22A3-4263-8D29-83A9C83802BB}.Release|Any CPU.Build.0 = Release|Any CPU
		{11C3BAFF-7873-4BAA-A988-12A447FD5026}.Debug|Any CPU.ActiveCfg = Debug|Any CPU
		{11C3BAFF-7873-4BAA-A988-12A447FD5026}.Debug|Any CPU.Build.0 = Debug|Any CPU
		{11C3BAFF-7873-4BAA-A988-12A447FD5026}.Release|Any CPU.ActiveCfg = Release|Any CPU
		{11C3BAFF-7873-4BAA-A988-12A447FD5026}.Release|Any CPU.Build.0 = Release|Any CPU
		{081C6DE8-7A13-4BD7-889C-5CCD5D289644}.Debug|Any CPU.ActiveCfg = Debug|Any CPU
		{081C6DE8-7A13-4BD7-889C-5CCD5D289644}.Debug|Any CPU.Build.0 = Debug|Any CPU
		{081C6DE8-7A13-4BD7-889C-5CCD5D289644}.Release|Any CPU.ActiveCfg = Release|Any CPU
		{081C6DE8-7A13-4BD7-889C-5CCD5D289644}.Release|Any CPU.Build.0 = Release|Any CPU
		{AF0B4192-2381-4AD2-8197-498A97348C0F}.Debug|Any CPU.ActiveCfg = Debug|Any CPU
		{AF0B4192-2381-4AD2-8197-498A97348C0F}.Debug|Any CPU.Build.0 = Debug|Any CPU
		{AF0B4192-2381-4AD2-8197-498A97348C0F}.Release|Any CPU.ActiveCfg = Release|Any CPU
		{AF0B4192-2381-4AD2-8197-498A97348C0F}.Release|Any CPU.Build.0 = Release|Any CPU
	EndGlobalSection
	GlobalSection(SolutionProperties) = preSolution
		HideSolutionNode = FALSE
	EndGlobalSection
	GlobalSection(NestedProjects) = preSolution
		{9B8E76F0-AEFC-4248-BCE3-D45B69FE1B1B} = {E9C2CDC6-BED1-4C0B-983D-44F8470BB9A3}
		{09CE499C-03ED-424F-B1B8-82B1F5944D83} = {4D96A7EC-CD1D-463F-A778-37B8166E917B}
		{4FAC27E8-22A3-4263-8D29-83A9C83802BB} = {4D96A7EC-CD1D-463F-A778-37B8166E917B}
		{11C3BAFF-7873-4BAA-A988-12A447FD5026} = {935D7418-9D87-4973-9288-E9972434E7BF}
		{081C6DE8-7A13-4BD7-889C-5CCD5D289644} = {935D7418-9D87-4973-9288-E9972434E7BF}
		{AF0B4192-2381-4AD2-8197-498A97348C0F} = {6727C606-A74D-4D21-A8FD-B8971AF91D2C}
		{4D96A7EC-CD1D-463F-A778-37B8166E917B} = {C27169C7-7231-4F10-9A81-981D58FE96CE}
		{E9C2CDC6-BED1-4C0B-983D-44F8470BB9A3} = {C27169C7-7231-4F10-9A81-981D58FE96CE}
		{935D7418-9D87-4973-9288-E9972434E7BF} = {C27169C7-7231-4F10-9A81-981D58FE96CE}
	EndGlobalSection
	GlobalSection(ExtensibilityGlobals) = postSolution
		SolutionGuid = {87AF5CF5-FC05-44EB-873D-9F496C7EF8EE}
	EndGlobalSection
EndGlobal
